
Microsoft Visual Studio Solution File, Format Version 12.00
# Visual Studio Version 16
VisualStudioVersion = 16.0.30114.105
MinimumVisualStudioVersion = 10.0.40219.1
Project("{9A19103F-16F7-4668-BE54-9A1E7A4F7556}") = "SolarCoffee.Data", "SolarCoffee.Data\SolarCoffee.Data.csproj", "{37EE30EB-F6C1-4229-9E85-F5F3A07D07FD}"
EndProject
Project("{9A19103F-16F7-4668-BE54-9A1E7A4F7556}") = "SolarCoffee.Services", "SolarCoffee.Services\SolarCoffee.Services.csproj", "{D16EC4AA-485C-41CC-B984-81EA2D4F3224}"
EndProject
Project("{9A19103F-16F7-4668-BE54-9A1E7A4F7556}") = "SolarCoffee.Test", "SolarCoffee.Test\SolarCoffee.Test.csproj", "{C2927DA1-1B6F-42C3-994A-7BDD33F8830D}"
EndProject
Project("{9A19103F-16F7-4668-BE54-9A1E7A4F7556}") = "SolarCoffee.Web", "SolarCoffee.Web\SolarCoffee.Web.csproj", "{70D989B9-54F3-4704-B140-A99C11694EF7}"
EndProject
Global
	GlobalSection(SolutionConfigurationPlatforms) = preSolution
		Debug|Any CPU = Debug|Any CPU
		Debug|x64 = Debug|x64
		Debug|x86 = Debug|x86
		Release|Any CPU = Release|Any CPU
		Release|x64 = Release|x64
		Release|x86 = Release|x86
	EndGlobalSection
	GlobalSection(ProjectConfigurationPlatforms) = postSolution
		{37EE30EB-F6C1-4229-9E85-F5F3A07D07FD}.Debug|Any CPU.ActiveCfg = Debug|Any CPU
		{37EE30EB-F6C1-4229-9E85-F5F3A07D07FD}.Debug|Any CPU.Build.0 = Debug|Any CPU
		{37EE30EB-F6C1-4229-9E85-F5F3A07D07FD}.Debug|x64.ActiveCfg = Debug|Any CPU
		{37EE30EB-F6C1-4229-9E85-F5F3A07D07FD}.Debug|x64.Build.0 = Debug|Any CPU
		{37EE30EB-F6C1-4229-9E85-F5F3A07D07FD}.Debug|x86.ActiveCfg = Debug|Any CPU
		{37EE30EB-F6C1-4229-9E85-F5F3A07D07FD}.Debug|x86.Build.0 = Debug|Any CPU
		{37EE30EB-F6C1-4229-9E85-F5F3A07D07FD}.Release|Any CPU.ActiveCfg = Release|Any CPU
		{37EE30EB-F6C1-4229-9E85-F5F3A07D07FD}.Release|Any CPU.Build.0 = Release|Any CPU
		{37EE30EB-F6C1-4229-9E85-F5F3A07D07FD}.Release|x64.ActiveCfg = Release|Any CPU
		{37EE30EB-F6C1-4229-9E85-F5F3A07D07FD}.Release|x64.Build.0 = Release|Any CPU
		{37EE30EB-F6C1-4229-9E85-F5F3A07D07FD}.Release|x86.ActiveCfg = Release|Any CPU
		{37EE30EB-F6C1-4229-9E85-F5F3A07D07FD}.Release|x86.Build.0 = Release|Any CPU
		{D16EC4AA-485C-41CC-B984-81EA2D4F3224}.Debug|Any CPU.ActiveCfg = Debug|Any CPU
		{D16EC4AA-485C-41CC-B984-81EA2D4F3224}.Debug|Any CPU.Build.0 = Debug|Any CPU
		{D16EC4AA-485C-41CC-B984-81EA2D4F3224}.Debug|x64.ActiveCfg = Debug|Any CPU
		{D16EC4AA-485C-41CC-B984-81EA2D4F3224}.Debug|x64.Build.0 = Debug|Any CPU
		{D16EC4AA-485C-41CC-B984-81EA2D4F3224}.Debug|x86.ActiveCfg = Debug|Any CPU
		{D16EC4AA-485C-41CC-B984-81EA2D4F3224}.Debug|x86.Build.0 = Debug|Any CPU
		{D16EC4AA-485C-41CC-B984-81EA2D4F3224}.Release|Any CPU.ActiveCfg = Release|Any CPU
		{D16EC4AA-485C-41CC-B984-81EA2D4F3224}.Release|Any CPU.Build.0 = Release|Any CPU
		{D16EC4AA-485C-41CC-B984-81EA2D4F3224}.Release|x64.ActiveCfg = Release|Any CPU
		{D16EC4AA-485C-41CC-B984-81EA2D4F3224}.Release|x64.Build.0 = Release|Any CPU
		{D16EC4AA-485C-41CC-B984-81EA2D4F3224}.Release|x86.ActiveCfg = Release|Any CPU
		{D16EC4AA-485C-41CC-B984-81EA2D4F3224}.Release|x86.Build.0 = Release|Any CPU
		{C2927DA1-1B6F-42C3-994A-7BDD33F8830D}.Debug|Any CPU.ActiveCfg = Debug|Any CPU
		{C2927DA1-1B6F-42C3-994A-7BDD33F8830D}.Debug|Any CPU.Build.0 = Debug|Any CPU
		{C2927DA1-1B6F-42C3-994A-7BDD33F8830D}.Debug|x64.ActiveCfg = Debug|Any CPU
		{C2927DA1-1B6F-42C3-994A-7BDD33F8830D}.Debug|x64.Build.0 = Debug|Any CPU
		{C2927DA1-1B6F-42C3-994A-7BDD33F8830D}.Debug|x86.ActiveCfg = Debug|Any CPU
		{C2927DA1-1B6F-42C3-994A-7BDD33F8830D}.Debug|x86.Build.0 = Debug|Any CPU
		{C2927DA1-1B6F-42C3-994A-7BDD33F8830D}.Release|Any CPU.ActiveCfg = Release|Any CPU
		{C2927DA1-1B6F-42C3-994A-7BDD33F8830D}.Release|Any CPU.Build.0 = Release|Any CPU
		{C2927DA1-1B6F-42C3-994A-7BDD33F8830D}.Release|x64.ActiveCfg = Release|Any CPU
		{C2927DA1-1B6F-42C3-994A-7BDD33F8830D}.Release|x64.Build.0 = Release|Any CPU
		{C2927DA1-1B6F-42C3-994A-7BDD33F8830D}.Release|x86.ActiveCfg = Release|Any CPU
		{C2927DA1-1B6F-42C3-994A-7BDD33F8830D}.Release|x86.Build.0 = Release|Any CPU
		{70D989B9-54F3-4704-B140-A99C11694EF7}.Debug|Any CPU.ActiveCfg = Debug|Any CPU
		{70D989B9-54F3-4704-B140-A99C11694EF7}.Debug|Any CPU.Build.0 = Debug|Any CPU
		{70D989B9-54F3-4704-B140-A99C11694EF7}.Debug|x64.ActiveCfg = Debug|Any CPU
		{70D989B9-54F3-4704-B140-A99C11694EF7}.Debug|x64.Build.0 = Debug|Any CPU
		{70D989B9-54F3-4704-B140-A99C11694EF7}.Debug|x86.ActiveCfg = Debug|Any CPU
		{70D989B9-54F3-4704-B140-A99C11694EF7}.Debug|x86.Build.0 = Debug|Any CPU
		{70D989B9-54F3-4704-B140-A99C11694EF7}.Release|Any CPU.ActiveCfg = Release|Any CPU
		{70D989B9-54F3-4704-B140-A99C11694EF7}.Release|Any CPU.Build.0 = Release|Any CPU
		{70D989B9-54F3-4704-B140-A99C11694EF7}.Release|x64.ActiveCfg = Release|Any CPU
		{70D989B9-54F3-4704-B140-A99C11694EF7}.Release|x64.Build.0 = Release|Any CPU
		{70D989B9-54F3-4704-B140-A99C11694EF7}.Release|x86.ActiveCfg = Release|Any CPU
		{70D989B9-54F3-4704-B140-A99C11694EF7}.Release|x86.Build.0 = Release|Any CPU
	EndGlobalSection
	GlobalSection(SolutionProperties) = preSolution
		HideSolutionNode = FALSE
	EndGlobalSection
	GlobalSection(ExtensibilityGlobals) = postSolution
		SolutionGuid = {920A108E-FB67-4C5A-8F67-8635B336BA53}
	EndGlobalSection
EndGlobal
